version: 6
environments:
  aocl:
    channels:
    - url: https://conda.anaconda.org/conda-forge/
    indexes:
    - https://pypi.org/simple
    options:
      pypi-prerelease-mode: if-necessary-or-explicit
    packages:
      linux-64:
      - conda: https://conda.anaconda.org/conda-forge/linux-64/_libgcc_mutex-0.1-conda_forge.tar.bz2
      - conda: https://conda.anaconda.org/conda-forge/linux-64/_openmp_mutex-4.5-2_gnu.tar.bz2
      - conda: https://conda.anaconda.org/conda-forge/linux-64/bzip2-1.0.8-hda65f42_8.conda
      - conda: https://conda.anaconda.org/conda-forge/noarch/ca-certificates-2025.11.12-hbd8a1cb_0.conda
      - conda: https://conda.anaconda.org/conda-forge/linux-64/ld_impl_linux-64-2.45-default_hbd61a6d_104.conda
      - conda: https://conda.anaconda.org/conda-forge/linux-64/libexpat-2.7.3-hecca717_0.conda
      - conda: https://conda.anaconda.org/conda-forge/linux-64/libffi-3.5.2-h9ec8514_0.conda
      - conda: https://conda.anaconda.org/conda-forge/linux-64/libgcc-15.2.0-he0feb66_16.conda
      - conda: https://conda.anaconda.org/conda-forge/linux-64/libgcc-ng-15.2.0-h69a702a_16.conda
      - conda: https://conda.anaconda.org/conda-forge/linux-64/libgomp-15.2.0-he0feb66_16.conda
      - conda: https://conda.anaconda.org/conda-forge/linux-64/liblzma-5.8.1-hb9d3cd8_2.conda
      - conda: https://conda.anaconda.org/conda-forge/linux-64/liblzma-devel-5.8.1-hb9d3cd8_2.conda
      - conda: https://conda.anaconda.org/conda-forge/linux-64/libnsl-2.0.1-hb9d3cd8_1.conda
      - conda: https://conda.anaconda.org/conda-forge/linux-64/libsqlite-3.51.1-h0c1763c_0.conda
      - conda: https://conda.anaconda.org/conda-forge/linux-64/libuuid-2.41.2-h5347b49_1.conda
      - conda: https://conda.anaconda.org/conda-forge/linux-64/libzlib-1.3.1-hb9d3cd8_2.conda
      - conda: https://conda.anaconda.org/conda-forge/linux-64/ncurses-6.5-h2d0b736_3.conda
      - conda: https://conda.anaconda.org/conda-forge/linux-64/openssl-3.6.0-h26f9b46_0.conda
      - conda: https://conda.anaconda.org/conda-forge/linux-64/python-3.12.0-hab00c5b_0_cpython.conda
      - conda: https://conda.anaconda.org/conda-forge/noarch/python_abi-3.12-8_cp312.conda
      - conda: https://conda.anaconda.org/conda-forge/linux-64/pyyaml-6.0.3-py312h8a5da7c_0.conda
      - conda: https://conda.anaconda.org/conda-forge/linux-64/readline-8.2-h8c095d6_2.conda
      - conda: https://conda.anaconda.org/conda-forge/linux-64/tk-8.6.13-noxft_ha0e22de_103.conda
      - conda: https://conda.anaconda.org/conda-forge/noarch/tzdata-2025b-h78e105d_0.conda
      - conda: https://conda.anaconda.org/conda-forge/linux-64/xz-5.8.1-hbcc6ac9_2.conda
      - conda: https://conda.anaconda.org/conda-forge/linux-64/xz-gpl-tools-5.8.1-hbcc6ac9_2.conda
      - conda: https://conda.anaconda.org/conda-forge/linux-64/xz-tools-5.8.1-hb9d3cd8_2.conda
      - conda: https://conda.anaconda.org/conda-forge/linux-64/yaml-0.2.5-h280c20c_3.conda
      - conda: https://conda.anaconda.org/conda-forge/linux-64/zstd-1.5.7-hb78ec9c_6.conda
      - pypi: ./amd/numpy-2.1.3-cp312-cp312-linux_x86_64.whl
  default:
    channels:
    - url: https://conda.anaconda.org/conda-forge/
    options:
      pypi-prerelease-mode: if-necessary-or-explicit
    packages:
      linux-64:
      - conda: https://conda.anaconda.org/conda-forge/linux-64/_libgcc_mutex-0.1-conda_forge.tar.bz2
      - conda: https://conda.anaconda.org/conda-forge/linux-64/_openmp_mutex-4.5-2_gnu.tar.bz2
      - conda: https://conda.anaconda.org/conda-forge/linux-64/bzip2-1.0.8-hda65f42_8.conda
      - conda: https://conda.anaconda.org/conda-forge/noarch/ca-certificates-2025.11.12-hbd8a1cb_0.conda
      - conda: https://conda.anaconda.org/conda-forge/linux-64/ld_impl_linux-64-2.45-default_hbd61a6d_104.conda
      - conda: https://conda.anaconda.org/conda-forge/linux-64/libexpat-2.7.3-hecca717_0.conda
      - conda: https://conda.anaconda.org/conda-forge/linux-64/libffi-3.5.2-h9ec8514_0.conda
      - conda: https://conda.anaconda.org/conda-forge/linux-64/libgcc-15.2.0-he0feb66_16.conda
      - conda: https://conda.anaconda.org/conda-forge/linux-64/libgcc-ng-15.2.0-h69a702a_16.conda
      - conda: https://conda.anaconda.org/conda-forge/linux-64/libgomp-15.2.0-he0feb66_16.conda
      - conda: https://conda.anaconda.org/conda-forge/linux-64/liblzma-5.8.1-hb9d3cd8_2.conda
      - conda: https://conda.anaconda.org/conda-forge/linux-64/liblzma-devel-5.8.1-hb9d3cd8_2.conda
      - conda: https://conda.anaconda.org/conda-forge/linux-64/libnsl-2.0.1-hb9d3cd8_1.conda
      - conda: https://conda.anaconda.org/conda-forge/linux-64/libsqlite-3.51.1-h0c1763c_0.conda
      - conda: https://conda.anaconda.org/conda-forge/linux-64/libuuid-2.41.2-h5347b49_1.conda
      - conda: https://conda.anaconda.org/conda-forge/linux-64/libzlib-1.3.1-hb9d3cd8_2.conda
      - conda: https://conda.anaconda.org/conda-forge/linux-64/ncurses-6.5-h2d0b736_3.conda
      - conda: https://conda.anaconda.org/conda-forge/linux-64/openssl-3.6.0-h26f9b46_0.conda
      - conda: https://conda.anaconda.org/conda-forge/linux-64/python-3.12.0-hab00c5b_0_cpython.conda
      - conda: https://conda.anaconda.org/conda-forge/noarch/python_abi-3.12-8_cp312.conda
      - conda: https://conda.anaconda.org/conda-forge/linux-64/pyyaml-6.0.3-py312h8a5da7c_0.conda
      - conda: https://conda.anaconda.org/conda-forge/linux-64/readline-8.2-h8c095d6_2.conda
      - conda: https://conda.anaconda.org/conda-forge/linux-64/tk-8.6.13-noxft_ha0e22de_103.conda
      - conda: https://conda.anaconda.org/conda-forge/noarch/tzdata-2025b-h78e105d_0.conda
      - conda: https://conda.anaconda.org/conda-forge/linux-64/xz-5.8.1-hbcc6ac9_2.conda
      - conda: https://conda.anaconda.org/conda-forge/linux-64/xz-gpl-tools-5.8.1-hbcc6ac9_2.conda
      - conda: https://conda.anaconda.org/conda-forge/linux-64/xz-tools-5.8.1-hb9d3cd8_2.conda
      - conda: https://conda.anaconda.org/conda-forge/linux-64/yaml-0.2.5-h280c20c_3.conda
      - conda: https://conda.anaconda.org/conda-forge/linux-64/zstd-1.5.7-hb78ec9c_6.conda
  mkl:
    channels:
    - url: https://conda.anaconda.org/conda-forge/
    options:
      pypi-prerelease-mode: if-necessary-or-explicit
    packages:
      linux-64:
      - conda: https://conda.anaconda.org/conda-forge/linux-64/_openmp_mutex-4.5-7_kmp_llvm.conda
      - conda: https://conda.anaconda.org/conda-forge/linux-64/bzip2-1.0.8-hda65f42_8.conda
      - conda: https://conda.anaconda.org/conda-forge/noarch/ca-certificates-2025.11.12-hbd8a1cb_0.conda
      - conda: https://conda.anaconda.org/conda-forge/linux-64/ld_impl_linux-64-2.45-default_hbd61a6d_104.conda
      - conda: https://conda.anaconda.org/conda-forge/linux-64/libblas-3.11.0-4_h5875eb1_mkl.conda
      - conda: https://conda.anaconda.org/conda-forge/linux-64/libcblas-3.11.0-4_hfef963f_mkl.conda
      - conda: https://conda.anaconda.org/conda-forge/linux-64/libexpat-2.7.3-hecca717_0.conda
      - conda: https://conda.anaconda.org/conda-forge/linux-64/libffi-3.5.2-h9ec8514_0.conda
      - conda: https://conda.anaconda.org/conda-forge/linux-64/libgcc-15.2.0-he0feb66_16.conda
      - conda: https://conda.anaconda.org/conda-forge/linux-64/libgcc-ng-15.2.0-h69a702a_16.conda
      - conda: https://conda.anaconda.org/conda-forge/linux-64/libhwloc-2.12.1-default_hafda6a7_1003.conda
      - conda: https://conda.anaconda.org/conda-forge/linux-64/libiconv-1.18-h3b78370_2.conda
      - conda: https://conda.anaconda.org/conda-forge/linux-64/liblapack-3.11.0-4_h5e43f62_mkl.conda
      - conda: https://conda.anaconda.org/conda-forge/linux-64/liblzma-5.8.1-hb9d3cd8_2.conda
      - conda: https://conda.anaconda.org/conda-forge/linux-64/liblzma-devel-5.8.1-hb9d3cd8_2.conda
      - conda: https://conda.anaconda.org/conda-forge/linux-64/libnsl-2.0.1-hb9d3cd8_1.conda
      - conda: https://conda.anaconda.org/conda-forge/linux-64/libsqlite-3.51.1-h0c1763c_0.conda
      - conda: https://conda.anaconda.org/conda-forge/linux-64/libstdcxx-15.2.0-h934c35e_16.conda
      - conda: https://conda.anaconda.org/conda-forge/linux-64/libuuid-2.41.2-h5347b49_1.conda
      - conda: https://conda.anaconda.org/conda-forge/linux-64/libxml2-16-2.15.1-hf2a90c1_0.conda
      - conda: https://conda.anaconda.org/conda-forge/linux-64/libxml2-2.15.1-h031cc0b_0.conda
      - conda: https://conda.anaconda.org/conda-forge/linux-64/libzlib-1.3.1-hb9d3cd8_2.conda
      - conda: https://conda.anaconda.org/conda-forge/linux-64/llvm-openmp-21.1.7-h4922eb0_0.conda
      - conda: https://conda.anaconda.org/conda-forge/linux-64/mkl-2025.3.0-h0e700b2_462.conda
      - conda: https://conda.anaconda.org/conda-forge/linux-64/ncurses-6.5-h2d0b736_3.conda
      - conda: https://conda.anaconda.org/conda-forge/linux-64/numpy-2.3.5-py312h33ff503_0.conda
      - conda: https://conda.anaconda.org/conda-forge/linux-64/openssl-3.6.0-h26f9b46_0.conda
      - conda: https://conda.anaconda.org/conda-forge/linux-64/python-3.12.0-hab00c5b_0_cpython.conda
      - conda: https://conda.anaconda.org/conda-forge/noarch/python_abi-3.12-8_cp312.conda
      - conda: https://conda.anaconda.org/conda-forge/linux-64/pyyaml-6.0.3-py312h8a5da7c_0.conda
      - conda: https://conda.anaconda.org/conda-forge/linux-64/readline-8.2-h8c095d6_2.conda
      - conda: https://conda.anaconda.org/conda-forge/linux-64/tbb-2022.3.0-h8d10470_1.conda
      - conda: https://conda.anaconda.org/conda-forge/linux-64/tk-8.6.13-noxft_ha0e22de_103.conda
      - conda: https://conda.anaconda.org/conda-forge/noarch/tzdata-2025b-h78e105d_0.conda
      - conda: https://conda.anaconda.org/conda-forge/linux-64/xz-5.8.1-hbcc6ac9_2.conda
      - conda: https://conda.anaconda.org/conda-forge/linux-64/xz-gpl-tools-5.8.1-hbcc6ac9_2.conda
      - conda: https://conda.anaconda.org/conda-forge/linux-64/xz-tools-5.8.1-hb9d3cd8_2.conda
      - conda: https://conda.anaconda.org/conda-forge/linux-64/yaml-0.2.5-h280c20c_3.conda
      - conda: https://conda.anaconda.org/conda-forge/linux-64/zstd-1.5.7-hb78ec9c_6.conda
  openblas:
    channels:
    - url: https://conda.anaconda.org/conda-forge/
    options:
      pypi-prerelease-mode: if-necessary-or-explicit
    packages:
      linux-64:
      - conda: https://conda.anaconda.org/conda-forge/linux-64/_libgcc_mutex-0.1-conda_forge.tar.bz2
      - conda: https://conda.anaconda.org/conda-forge/linux-64/_openmp_mutex-4.5-2_gnu.tar.bz2
      - conda: https://conda.anaconda.org/conda-forge/linux-64/bzip2-1.0.8-hda65f42_8.conda
      - conda: https://conda.anaconda.org/conda-forge/noarch/ca-certificates-2025.11.12-hbd8a1cb_0.conda
      - conda: https://conda.anaconda.org/conda-forge/linux-64/ld_impl_linux-64-2.45-default_hbd61a6d_104.conda
      - conda: https://conda.anaconda.org/conda-forge/linux-64/libblas-3.11.0-4_h4a7cf45_openblas.conda
      - conda: https://conda.anaconda.org/conda-forge/linux-64/libcblas-3.11.0-4_h0358290_openblas.conda
      - conda: https://conda.anaconda.org/conda-forge/linux-64/libexpat-2.7.3-hecca717_0.conda
      - conda: https://conda.anaconda.org/conda-forge/linux-64/libffi-3.5.2-h9ec8514_0.conda
      - conda: https://conda.anaconda.org/conda-forge/linux-64/libgcc-15.2.0-he0feb66_16.conda
      - conda: https://conda.anaconda.org/conda-forge/linux-64/libgcc-ng-15.2.0-h69a702a_16.conda
      - conda: https://conda.anaconda.org/conda-forge/linux-64/libgfortran-15.2.0-h69a702a_16.conda
      - conda: https://conda.anaconda.org/conda-forge/linux-64/libgfortran5-15.2.0-h68bc16d_16.conda
      - conda: https://conda.anaconda.org/conda-forge/linux-64/libgomp-15.2.0-he0feb66_16.conda
      - conda: https://conda.anaconda.org/conda-forge/linux-64/liblapack-3.11.0-4_h47877c9_openblas.conda
      - conda: https://conda.anaconda.org/conda-forge/linux-64/liblzma-5.8.1-hb9d3cd8_2.conda
      - conda: https://conda.anaconda.org/conda-forge/linux-64/liblzma-devel-5.8.1-hb9d3cd8_2.conda
      - conda: https://conda.anaconda.org/conda-forge/linux-64/libnsl-2.0.1-hb9d3cd8_1.conda
      - conda: https://conda.anaconda.org/conda-forge/linux-64/libopenblas-0.3.30-pthreads_h94d23a6_4.conda
      - conda: https://conda.anaconda.org/conda-forge/linux-64/libsqlite-3.51.1-h0c1763c_0.conda
      - conda: https://conda.anaconda.org/conda-forge/linux-64/libstdcxx-15.2.0-h934c35e_16.conda
      - conda: https://conda.anaconda.org/conda-forge/linux-64/libuuid-2.41.2-h5347b49_1.conda
      - conda: https://conda.anaconda.org/conda-forge/linux-64/libzlib-1.3.1-hb9d3cd8_2.conda
      - conda: https://conda.anaconda.org/conda-forge/linux-64/ncurses-6.5-h2d0b736_3.conda
      - conda: https://conda.anaconda.org/conda-forge/linux-64/numpy-2.3.5-py312h33ff503_0.conda
      - conda: https://conda.anaconda.org/conda-forge/linux-64/openssl-3.6.0-h26f9b46_0.conda
      - conda: https://conda.anaconda.org/conda-forge/linux-64/python-3.12.0-hab00c5b_0_cpython.conda
      - conda: https://conda.anaconda.org/conda-forge/noarch/python_abi-3.12-8_cp312.conda
      - conda: https://conda.anaconda.org/conda-forge/linux-64/pyyaml-6.0.3-py312h8a5da7c_0.conda
      - conda: https://conda.anaconda.org/conda-forge/linux-64/readline-8.2-h8c095d6_2.conda
      - conda: https://conda.anaconda.org/conda-forge/linux-64/tk-8.6.13-noxft_ha0e22de_103.conda
      - conda: https://conda.anaconda.org/conda-forge/noarch/tzdata-2025b-h78e105d_0.conda
      - conda: https://conda.anaconda.org/conda-forge/linux-64/xz-5.8.1-hbcc6ac9_2.conda
      - conda: https://conda.anaconda.org/conda-forge/linux-64/xz-gpl-tools-5.8.1-hbcc6ac9_2.conda
      - conda: https://conda.anaconda.org/conda-forge/linux-64/xz-tools-5.8.1-hb9d3cd8_2.conda
      - conda: https://conda.anaconda.org/conda-forge/linux-64/yaml-0.2.5-h280c20c_3.conda
      - conda: https://conda.anaconda.org/conda-forge/linux-64/zstd-1.5.7-hb78ec9c_6.conda
  pypi:
    channels:
    - url: https://conda.anaconda.org/conda-forge/
    indexes:
    - https://pypi.org/simple
    options:
      pypi-prerelease-mode: if-necessary-or-explicit
    packages:
      linux-64:
      - conda: https://conda.anaconda.org/conda-forge/linux-64/_libgcc_mutex-0.1-conda_forge.tar.bz2
      - conda: https://conda.anaconda.org/conda-forge/linux-64/_openmp_mutex-4.5-2_gnu.tar.bz2
      - conda: https://conda.anaconda.org/conda-forge/linux-64/bzip2-1.0.8-hda65f42_8.conda
      - conda: https://conda.anaconda.org/conda-forge/noarch/ca-certificates-2025.11.12-hbd8a1cb_0.conda
      - conda: https://conda.anaconda.org/conda-forge/linux-64/ld_impl_linux-64-2.45-default_hbd61a6d_104.conda
      - conda: https://conda.anaconda.org/conda-forge/linux-64/libexpat-2.7.3-hecca717_0.conda
      - conda: https://conda.anaconda.org/conda-forge/linux-64/libffi-3.5.2-h9ec8514_0.conda
      - conda: https://conda.anaconda.org/conda-forge/linux-64/libgcc-15.2.0-he0feb66_16.conda
      - conda: https://conda.anaconda.org/conda-forge/linux-64/libgcc-ng-15.2.0-h69a702a_16.conda
      - conda: https://conda.anaconda.org/conda-forge/linux-64/libgomp-15.2.0-he0feb66_16.conda
      - conda: https://conda.anaconda.org/conda-forge/linux-64/liblzma-5.8.1-hb9d3cd8_2.conda
      - conda: https://conda.anaconda.org/conda-forge/linux-64/liblzma-devel-5.8.1-hb9d3cd8_2.conda
      - conda: https://conda.anaconda.org/conda-forge/linux-64/libnsl-2.0.1-hb9d3cd8_1.conda
      - conda: https://conda.anaconda.org/conda-forge/linux-64/libsqlite-3.51.1-h0c1763c_0.conda
      - conda: https://conda.anaconda.org/conda-forge/linux-64/libuuid-2.41.2-h5347b49_1.conda
      - conda: https://conda.anaconda.org/conda-forge/linux-64/libzlib-1.3.1-hb9d3cd8_2.conda
      - conda: https://conda.anaconda.org/conda-forge/linux-64/ncurses-6.5-h2d0b736_3.conda
      - conda: https://conda.anaconda.org/conda-forge/linux-64/openssl-3.6.0-h26f9b46_0.conda
      - conda: https://conda.anaconda.org/conda-forge/linux-64/python-3.12.0-hab00c5b_0_cpython.conda
      - conda: https://conda.anaconda.org/conda-forge/noarch/python_abi-3.12-8_cp312.conda
      - conda: https://conda.anaconda.org/conda-forge/linux-64/pyyaml-6.0.3-py312h8a5da7c_0.conda
      - conda: https://conda.anaconda.org/conda-forge/linux-64/readline-8.2-h8c095d6_2.conda
      - conda: https://conda.anaconda.org/conda-forge/linux-64/tk-8.6.13-noxft_ha0e22de_103.conda
      - conda: https://conda.anaconda.org/conda-forge/noarch/tzdata-2025b-h78e105d_0.conda
      - conda: https://conda.anaconda.org/conda-forge/linux-64/xz-5.8.1-hbcc6ac9_2.conda
      - conda: https://conda.anaconda.org/conda-forge/linux-64/xz-gpl-tools-5.8.1-hbcc6ac9_2.conda
      - conda: https://conda.anaconda.org/conda-forge/linux-64/xz-tools-5.8.1-hb9d3cd8_2.conda
      - conda: https://conda.anaconda.org/conda-forge/linux-64/yaml-0.2.5-h280c20c_3.conda
      - conda: https://conda.anaconda.org/conda-forge/linux-64/zstd-1.5.7-hb78ec9c_6.conda
      - pypi: https://files.pythonhosted.org/packages/b6/23/2a1b231b8ff672b4c450dac27164a8b2ca7d9b7144f9c02d2396518352eb/numpy-2.3.5-cp312-cp312-manylinux_2_27_x86_64.manylinux_2_28_x86_64.whl
packages:
- conda: https://conda.anaconda.org/conda-forge/linux-64/_libgcc_mutex-0.1-conda_forge.tar.bz2
  sha256: fe51de6107f9edc7aa4f786a70f4a883943bc9d39b3bb7307c04c41410990726
  md5: d7c89558ba9fa0495403155b64376d81
  license: None
  purls: []
  size: 2562
  timestamp: 1578324546067
- conda: https://conda.anaconda.org/conda-forge/linux-64/_openmp_mutex-4.5-2_gnu.tar.bz2
  build_number: 16
  sha256: fbe2c5e56a653bebb982eda4876a9178aedfc2b545f25d0ce9c4c0b508253d22
  md5: 73aaf86a425cc6e73fcf236a5a46396d
  depends:
  - _libgcc_mutex 0.1 conda_forge
  - libgomp >=7.5.0
  constrains:
  - openmp_impl 9999
  license: BSD-3-Clause
  license_family: BSD
  purls: []
  size: 23621
  timestamp: 1650670423406
- conda: https://conda.anaconda.org/conda-forge/linux-64/_openmp_mutex-4.5-7_kmp_llvm.conda
  build_number: 7
  sha256: c0cddb66070dd6355311f7667ce2acccf70d1013edaa6e97f22859502fefdb22
  md5: 887b70e1d607fba7957aa02f9ee0d939
  depends:
  - llvm-openmp >=9.0.1
  license: BSD-3-Clause
  license_family: BSD
  size: 8244
  timestamp: 1764092331208
- conda: https://conda.anaconda.org/conda-forge/linux-64/bzip2-1.0.8-hda65f42_8.conda
  sha256: c30daba32ddebbb7ded490f0e371eae90f51e72db620554089103b4a6934b0d5
  md5: 51a19bba1b8ebfb60df25cde030b7ebc
  depends:
  - __glibc >=2.17,<3.0.a0
  - libgcc >=14
  license: bzip2-1.0.6
  license_family: BSD
  purls: []
  size: 260341
  timestamp: 1757437258798
- conda: https://conda.anaconda.org/conda-forge/noarch/ca-certificates-2025.11.12-hbd8a1cb_0.conda
  sha256: b986ba796d42c9d3265602bc038f6f5264095702dd546c14bc684e60c385e773
  md5: f0991f0f84902f6b6009b4d2350a83aa
  depends:
  - __unix
  license: ISC
  purls: []
  size: 152432
  timestamp: 1762967197890
- conda: https://conda.anaconda.org/conda-forge/linux-64/ld_impl_linux-64-2.45-default_hbd61a6d_104.conda
  sha256: 9e191baf2426a19507f1d0a17be0fdb7aa155cdf0f61d5a09c808e0a69464312
  md5: a6abd2796fc332536735f68ba23f7901
  depends:
  - __glibc >=2.17,<3.0.a0
  - zstd >=1.5.7,<1.6.0a0
  constrains:
  - binutils_impl_linux-64 2.45
  license: GPL-3.0-only
  license_family: GPL
  purls: []
  size: 725545
  timestamp: 1764007826689
- conda: https://conda.anaconda.org/conda-forge/linux-64/libblas-3.11.0-4_h4a7cf45_openblas.conda
  build_number: 4
  sha256: f35fee1eb3fe1a80b2c8473f145a830cf6f98c3b15b232b256b93d44bd9c93b3
  md5: 14ff9fdfbd8bd590fca383b995470711
  depends:
  - libopenblas >=0.3.30,<0.3.31.0a0
  - libopenblas >=0.3.30,<1.0a0
  constrains:
  - liblapack  3.11.0   4*_openblas
  - blas 2.304   openblas
  - mkl <2026
  - libcblas   3.11.0   4*_openblas
  - liblapacke 3.11.0   4*_openblas
  license: BSD-3-Clause
  license_family: BSD
  size: 18529
  timestamp: 1764823833499
- conda: https://conda.anaconda.org/conda-forge/linux-64/libblas-3.11.0-4_h5875eb1_mkl.conda
  build_number: 4
  sha256: 4f7754845719e52b3440b4d7c14d21ae435aefa393aaf4186f1de8bb79103d1b
  md5: bd1a86e560c3b26961279ef6b6e8d45f
  depends:
  - mkl >=2025.3.0,<2026.0a0
  constrains:
  - blas 2.304   mkl
  - liblapacke 3.11.0   4*_mkl
  - liblapack  3.11.0   4*_mkl
  - libcblas   3.11.0   4*_mkl
  track_features:
  - blas_mkl
  - blas_mkl_2
  license: BSD-3-Clause
  license_family: BSD
  size: 18887
  timestamp: 1764823790196
- conda: https://conda.anaconda.org/conda-forge/linux-64/libcblas-3.11.0-4_h0358290_openblas.conda
  build_number: 4
  sha256: 7abc88e2fdccddab27d2a889b9c9063df84a05766cc24828c9b5ca879f25c92c
  md5: 25f5e5af61cee1ffedd9b4c9947d3af8
  depends:
  - libblas 3.11.0 4_h4a7cf45_openblas
  constrains:
  - liblapack  3.11.0   4*_openblas
  - blas 2.304   openblas
  - liblapacke 3.11.0   4*_openblas
  license: BSD-3-Clause
  license_family: BSD
  size: 18521
  timestamp: 1764823852735
- conda: https://conda.anaconda.org/conda-forge/linux-64/libcblas-3.11.0-4_hfef963f_mkl.conda
  build_number: 4
  sha256: 943c4a02eac29f6b4c9a610daf4d943c29df9e162740455243338efcee68fa22
  md5: 41f4f9428b9d92b1b06f1fff80a2674d
  depends:
  - libblas 3.11.0 4_h5875eb1_mkl
  constrains:
  - blas 2.304   mkl
  - liblapack  3.11.0   4*_mkl
  - liblapacke 3.11.0   4*_mkl
  track_features:
  - blas_mkl
  license: BSD-3-Clause
  license_family: BSD
  size: 18521
  timestamp: 1764823809419
- conda: https://conda.anaconda.org/conda-forge/linux-64/libexpat-2.7.3-hecca717_0.conda
  sha256: 1e1b08f6211629cbc2efe7a5bca5953f8f6b3cae0eeb04ca4dacee1bd4e2db2f
  md5: 8b09ae86839581147ef2e5c5e229d164
  depends:
  - __glibc >=2.17,<3.0.a0
  - libgcc >=14
  constrains:
  - expat 2.7.3.*
  license: MIT
  license_family: MIT
  purls: []
  size: 76643
  timestamp: 1763549731408
- conda: https://conda.anaconda.org/conda-forge/linux-64/libffi-3.5.2-h9ec8514_0.conda
  sha256: 25cbdfa65580cfab1b8d15ee90b4c9f1e0d72128f1661449c9a999d341377d54
  md5: 35f29eec58405aaf55e01cb470d8c26a
  depends:
  - __glibc >=2.17,<3.0.a0
  - libgcc >=14
  license: MIT
  license_family: MIT
  purls: []
  size: 57821
  timestamp: 1760295480630
- conda: https://conda.anaconda.org/conda-forge/linux-64/libgcc-15.2.0-he0feb66_16.conda
  sha256: 6eed58051c2e12b804d53ceff5994a350c61baf117ec83f5f10c953a3f311451
  md5: 6d0363467e6ed84f11435eb309f2ff06
  depends:
  - __glibc >=2.17,<3.0.a0
  - _openmp_mutex >=4.5
  constrains:
  - libgcc-ng ==15.2.0=*_16
  - libgomp 15.2.0 he0feb66_16
  license: GPL-3.0-only WITH GCC-exception-3.1
  purls: []
  size: 1042798
  timestamp: 1765256792743
- conda: https://conda.anaconda.org/conda-forge/linux-64/libgcc-ng-15.2.0-h69a702a_16.conda
  sha256: 5f07f9317f596a201cc6e095e5fc92621afca64829785e483738d935f8cab361
  md5: 5a68259fac2da8f2ee6f7bfe49c9eb8b
  depends:
  - libgcc 15.2.0 he0feb66_16
  license: GPL-3.0-only WITH GCC-exception-3.1
  purls: []
  size: 27256
  timestamp: 1765256804124
- conda: https://conda.anaconda.org/conda-forge/linux-64/libgfortran-15.2.0-h69a702a_16.conda
  sha256: 8a7b01e1ee1c462ad243524d76099e7174ebdd94ff045fe3e9b1e58db196463b
  md5: 40d9b534410403c821ff64f00d0adc22
  depends:
  - libgfortran5 15.2.0 h68bc16d_16
  constrains:
  - libgfortran-ng ==15.2.0=*_16
  license: GPL-3.0-only WITH GCC-exception-3.1
  size: 27215
  timestamp: 1765256845586
- conda: https://conda.anaconda.org/conda-forge/linux-64/libgfortran5-15.2.0-h68bc16d_16.conda
  sha256: d0e974ebc937c67ae37f07a28edace978e01dc0f44ee02f29ab8a16004b8148b
  md5: 39183d4e0c05609fd65f130633194e37
  depends:
  - __glibc >=2.17,<3.0.a0
  - libgcc >=15.2.0
  constrains:
  - libgfortran 15.2.0
  license: GPL-3.0-only WITH GCC-exception-3.1
  size: 2480559
  timestamp: 1765256819588
- conda: https://conda.anaconda.org/conda-forge/linux-64/libgomp-15.2.0-he0feb66_16.conda
  sha256: 5b3e5e4e9270ecfcd48f47e3a68f037f5ab0f529ccb223e8e5d5ac75a58fc687
  md5: 26c46f90d0e727e95c6c9498a33a09f3
  depends:
  - __glibc >=2.17,<3.0.a0
  license: GPL-3.0-only WITH GCC-exception-3.1
  purls: []
  size: 603284
  timestamp: 1765256703881
- conda: https://conda.anaconda.org/conda-forge/linux-64/libhwloc-2.12.1-default_hafda6a7_1003.conda
  sha256: b9e6340da35245d5f3b7b044b4070b4980809d340bddf16c942a97a83f146aa4
  md5: 4fe840c6d6b3719b4231ed89d389bb17
  depends:
  - __glibc >=2.17,<3.0.a0
  - libgcc >=14
  - libstdcxx >=14
  - libxml2
  - libxml2-16 >=2.14.6
  license: BSD-3-Clause
  license_family: BSD
  size: 2449346
  timestamp: 1765089858592
- conda: https://conda.anaconda.org/conda-forge/linux-64/libiconv-1.18-h3b78370_2.conda
  sha256: c467851a7312765447155e071752d7bf9bf44d610a5687e32706f480aad2833f
  md5: 915f5995e94f60e9a4826e0b0920ee88
  depends:
  - __glibc >=2.17,<3.0.a0
  - libgcc >=14
  license: LGPL-2.1-only
  size: 790176
  timestamp: 1754908768807
- conda: https://conda.anaconda.org/conda-forge/linux-64/liblapack-3.11.0-4_h47877c9_openblas.conda
  build_number: 4
  sha256: 5a6ed95bf093d709c8ba8373890773b912767eafdd2e8e4ad0fa6413d13ae3c9
  md5: 8ba8431802764597f400ee3e99026367
  depends:
  - libblas 3.11.0 4_h4a7cf45_openblas
  constrains:
  - blas 2.304   openblas
  - libcblas   3.11.0   4*_openblas
  - liblapacke 3.11.0   4*_openblas
  license: BSD-3-Clause
  license_family: BSD
  size: 18533
  timestamp: 1764823871307
- conda: https://conda.anaconda.org/conda-forge/linux-64/liblapack-3.11.0-4_h5e43f62_mkl.conda
  build_number: 4
  sha256: eaa6be8955febbf59770c46d14bdeeb6e38093bd8b7d73460e2d306129f998c5
  md5: f647e3368af2453546812658b5393901
  depends:
  - libblas 3.11.0 4_h5875eb1_mkl
  constrains:
  - blas 2.304   mkl
  - liblapacke 3.11.0   4*_mkl
  - libcblas   3.11.0   4*_mkl
  track_features:
  - blas_mkl
  license: BSD-3-Clause
  license_family: BSD
  size: 18515
  timestamp: 1764823828068
- conda: https://conda.anaconda.org/conda-forge/linux-64/liblzma-5.8.1-hb9d3cd8_2.conda
  sha256: f2591c0069447bbe28d4d696b7fcb0c5bd0b4ac582769b89addbcf26fb3430d8
  md5: 1a580f7796c7bf6393fddb8bbbde58dc
  depends:
  - __glibc >=2.17,<3.0.a0
  - libgcc >=13
  constrains:
  - xz 5.8.1.*
  license: 0BSD
  purls: []
  size: 112894
  timestamp: 1749230047870
- conda: https://conda.anaconda.org/conda-forge/linux-64/liblzma-devel-5.8.1-hb9d3cd8_2.conda
  sha256: 329e66330a8f9cbb6a8d5995005478188eb4ba8a6b6391affa849744f4968492
  md5: f61edadbb301530bd65a32646bd81552
  depends:
  - __glibc >=2.17,<3.0.a0
  - libgcc >=13
  - liblzma 5.8.1 hb9d3cd8_2
  license: 0BSD
  purls: []
  size: 439868
  timestamp: 1749230061968
- conda: https://conda.anaconda.org/conda-forge/linux-64/libnsl-2.0.1-hb9d3cd8_1.conda
  sha256: 927fe72b054277cde6cb82597d0fcf6baf127dcbce2e0a9d8925a68f1265eef5
  md5: d864d34357c3b65a4b731f78c0801dc4
  depends:
  - __glibc >=2.17,<3.0.a0
  - libgcc >=13
  license: LGPL-2.1-only
  license_family: GPL
  purls: []
  size: 33731
  timestamp: 1750274110928
- conda: https://conda.anaconda.org/conda-forge/linux-64/libopenblas-0.3.30-pthreads_h94d23a6_4.conda
  sha256: 199d79c237afb0d4780ccd2fbf829cea80743df60df4705202558675e07dd2c5
  md5: be43915efc66345cccb3c310b6ed0374
  depends:
  - __glibc >=2.17,<3.0.a0
  - libgcc >=14
  - libgfortran
  - libgfortran5 >=14.3.0
  constrains:
  - openblas >=0.3.30,<0.3.31.0a0
  license: BSD-3-Clause
  license_family: BSD
  size: 5927939
  timestamp: 1763114673331
- conda: https://conda.anaconda.org/conda-forge/linux-64/libsqlite-3.51.1-h0c1763c_0.conda
  sha256: 6f0e8a812e8e33a4d8b7a0e595efe28373080d27b78ee4828aa4f6649a088454
  md5: 2e1b84d273b01835256e53fd938de355
  depends:
  - __glibc >=2.17,<3.0.a0
  - libgcc >=14
  - libzlib >=1.3.1,<2.0a0
  license: blessing
  purls: []
  size: 938979
  timestamp: 1764359444435
- conda: https://conda.anaconda.org/conda-forge/linux-64/libstdcxx-15.2.0-h934c35e_16.conda
  sha256: 813427918316a00c904723f1dfc3da1bbc1974c5cfe1ed1e704c6f4e0798cbc6
  md5: 68f68355000ec3f1d6f26ea13e8f525f
  depends:
  - __glibc >=2.17,<3.0.a0
  - libgcc 15.2.0 he0feb66_16
  constrains:
  - libstdcxx-ng ==15.2.0=*_16
  license: GPL-3.0-only WITH GCC-exception-3.1
  size: 5856456
  timestamp: 1765256838573
- conda: https://conda.anaconda.org/conda-forge/linux-64/libuuid-2.41.2-h5347b49_1.conda
  sha256: 030447cf827c471abd37092ab9714fde82b8222106f22fde94bc7a64e2704c40
  md5: 41f5c09a211985c3ce642d60721e7c3e
  depends:
  - __glibc >=2.17,<3.0.a0
  - libgcc >=14
  license: BSD-3-Clause
  license_family: BSD
  purls: []
  size: 40235
  timestamp: 1764790744114
- conda: https://conda.anaconda.org/conda-forge/linux-64/libxml2-2.15.1-h031cc0b_0.conda
  sha256: ee64e507b37b073e0bdad739e35330933dd5be7c639600a096551a6968f1035d
  md5: a67cd8f7b0369bbf2c40411f05a62f3b
  depends:
  - __glibc >=2.17,<3.0.a0
  - libgcc >=14
  - libiconv >=1.18,<2.0a0
  - liblzma >=5.8.1,<6.0a0
  - libxml2-16 2.15.1 hf2a90c1_0
  - libzlib >=1.3.1,<2.0a0
  constrains:
  - icu <0.0a0
  license: MIT
  license_family: MIT
  size: 45292
  timestamp: 1761015784683
- conda: https://conda.anaconda.org/conda-forge/linux-64/libxml2-16-2.15.1-hf2a90c1_0.conda
  sha256: f5220ff49efc31431279859049199b9250e79f98c1dee1da12feb74bda2d9cf1
  md5: 23720d17346b21efb08d68c2255c8431
  depends:
  - __glibc >=2.17,<3.0.a0
  - libgcc >=14
  - libiconv >=1.18,<2.0a0
  - liblzma >=5.8.1,<6.0a0
  - libzlib >=1.3.1,<2.0a0
  constrains:
  - libxml2 2.15.1
  - icu <0.0a0
  license: MIT
  license_family: MIT
  size: 554734
  timestamp: 1761015772672
- conda: https://conda.anaconda.org/conda-forge/linux-64/libzlib-1.3.1-hb9d3cd8_2.conda
  sha256: d4bfe88d7cb447768e31650f06257995601f89076080e76df55e3112d4e47dc4
  md5: edb0dca6bc32e4f4789199455a1dbeb8
  depends:
  - __glibc >=2.17,<3.0.a0
  - libgcc >=13
  constrains:
  - zlib 1.3.1 *_2
  license: Zlib
  license_family: Other
  purls: []
  size: 60963
  timestamp: 1727963148474
- conda: https://conda.anaconda.org/conda-forge/linux-64/llvm-openmp-21.1.7-h4922eb0_0.conda
  sha256: 6579325669ba27344be66f319c316396f09d9f1a054178df257009591b7d7f43
  md5: ec29f865968a81e1961b3c2f2765eebb
  depends:
  - __glibc >=2.17,<3.0.a0
  constrains:
  - intel-openmp <0.0a0
  - openmp 21.1.7|21.1.7.*
  license: Apache-2.0 WITH LLVM-exception
  license_family: APACHE
  size: 6115936
  timestamp: 1764721254857
- conda: https://conda.anaconda.org/conda-forge/linux-64/mkl-2025.3.0-h0e700b2_462.conda
  sha256: b5ddfb4378c19d0d69e751478a7733dee035d1dd1f206e7a88a5df4ee71345e0
  md5: a2e8e73f7132ea5ea70fda6f3cf05578
  depends:
  - __glibc >=2.17,<3.0.a0
  - _openmp_mutex * *_llvm
  - _openmp_mutex >=4.5
  - libgcc >=14
  - libstdcxx >=14
  - llvm-openmp >=21.1.4
  - tbb >=2022.2.0
  license: LicenseRef-IntelSimplifiedSoftwareOct2022
  license_family: Proprietary
  size: 125177250
  timestamp: 1761668323993
- conda: https://conda.anaconda.org/conda-forge/linux-64/ncurses-6.5-h2d0b736_3.conda
  sha256: 3fde293232fa3fca98635e1167de6b7c7fda83caf24b9d6c91ec9eefb4f4d586
  md5: 47e340acb35de30501a76c7c799c41d7
  depends:
  - __glibc >=2.17,<3.0.a0
  - libgcc >=13
  license: X11 AND BSD-3-Clause
  purls: []
  size: 891641
  timestamp: 1738195959188
- pypi: ./amd/numpy-2.1.3-cp312-cp312-linux_x86_64.whl
  name: numpy
  version: 2.1.3
  requires_python: '>=3.10'
- pypi: https://files.pythonhosted.org/packages/b6/23/2a1b231b8ff672b4c450dac27164a8b2ca7d9b7144f9c02d2396518352eb/numpy-2.3.5-cp312-cp312-manylinux_2_27_x86_64.manylinux_2_28_x86_64.whl
  name: numpy
  version: 2.3.5
  sha256: 0d8163f43acde9a73c2a33605353a4f1bc4798745a8b1d73183b28e5b435ae28
  requires_python: '>=3.11'
- conda: https://conda.anaconda.org/conda-forge/linux-64/numpy-2.3.5-py312h33ff503_0.conda
  sha256: 68b5dd7e4d12295c44130e3a777462dbc8886ca0a7d141f1ff5ab0375df5da30
  md5: 1570db96376f9f01cf495afe203672e5
  depends:
  - python
  - libgcc >=14
  - libstdcxx >=14
  - libgcc >=14
  - __glibc >=2.17,<3.0.a0
  - libcblas >=3.9.0,<4.0a0
  - libblas >=3.9.0,<4.0a0
  - python_abi 3.12.* *_cp312
  - liblapack >=3.9.0,<4.0a0
  constrains:
  - numpy-base <0a0
  license: BSD-3-Clause
  license_family: BSD
  size: 8820654
  timestamp: 1763351074641
- conda: https://conda.anaconda.org/conda-forge/linux-64/openssl-3.6.0-h26f9b46_0.conda
  sha256: a47271202f4518a484956968335b2521409c8173e123ab381e775c358c67fe6d
  md5: 9ee58d5c534af06558933af3c845a780
  depends:
  - __glibc >=2.17,<3.0.a0
  - ca-certificates
  - libgcc >=14
  license: Apache-2.0
  license_family: Apache
  purls: []
  size: 3165399
  timestamp: 1762839186699
- conda: https://conda.anaconda.org/conda-forge/linux-64/python-3.12.0-hab00c5b_0_cpython.conda
  sha256: 5398ebae6a1ccbfd3f76361eac75f3ac071527a8072627c4bf9008c689034f48
  md5: 7f97faab5bebcc2580f4f299285323da
  depends:
  - bzip2 >=1.0.8,<2.0a0
  - ld_impl_linux-64 >=2.36.1
  - libexpat >=2.5.0,<3.0a0
  - libffi >=3.4,<4.0a0
  - libgcc-ng >=12
  - libnsl >=2.0.0,<2.1.0a0
  - libsqlite >=3.43.0,<4.0a0
  - libuuid >=2.38.1,<3.0a0
  - libzlib >=1.2.13,<2.0.0a0
  - ncurses >=6.4,<7.0a0
  - openssl >=3.1.3,<4.0a0
  - readline >=8.2,<9.0a0
  - tk >=8.6.13,<8.7.0a0
  - tzdata
  - xz >=5.2.6,<6.0a0
  constrains:
  - python_abi 3.12.* *_cp312
  license: Python-2.0
  purls: []
  size: 32123473
  timestamp: 1696324522323
- conda: https://conda.anaconda.org/conda-forge/noarch/python_abi-3.12-8_cp312.conda
  build_number: 8
  sha256: 80677180dd3c22deb7426ca89d6203f1c7f1f256f2d5a94dc210f6e758229809
  md5: c3efd25ac4d74b1584d2f7a57195ddf1
  constrains:
  - python 3.12.* *_cpython
  license: BSD-3-Clause
  license_family: BSD
  purls: []
  size: 6958
  timestamp: 1752805918820
- conda: https://conda.anaconda.org/conda-forge/linux-64/pyyaml-6.0.3-py312h8a5da7c_0.conda
  sha256: 1b3dc4c25c83093fff08b86a3574bc6b94ba355c8eba1f35d805c5e256455fc7
  md5: fba10c2007c8b06f77c5a23ce3a635ad
  depends:
  - __glibc >=2.17,<3.0.a0
  - libgcc >=14
  - python >=3.12,<3.13.0a0
  - python_abi 3.12.* *_cp312
  - yaml >=0.2.5,<0.3.0a0
  license: MIT
  license_family: MIT
  purls:
  - pkg:pypi/pyyaml?source=hash-mapping
  size: 204539
  timestamp: 1758892248166
- conda: https://conda.anaconda.org/conda-forge/linux-64/readline-8.2-h8c095d6_2.conda
  sha256: 2d6d0c026902561ed77cd646b5021aef2d4db22e57a5b0178dfc669231e06d2c
  md5: 283b96675859b20a825f8fa30f311446
  depends:
  - libgcc >=13
  - ncurses >=6.5,<7.0a0
  license: GPL-3.0-only
  license_family: GPL
  purls: []
  size: 282480
  timestamp: 1740379431762
- conda: https://conda.anaconda.org/conda-forge/linux-64/tbb-2022.3.0-h8d10470_1.conda
  sha256: 2e3238234ae094d5a5f7c559410ea8875351b6bac0d9d0e576bf64b732b8029e
  md5: e3259be3341da4bc06c5b7a78c8bf1bd
  depends:
  - __glibc >=2.17,<3.0.a0
  - libgcc >=14
  - libhwloc >=2.12.1,<2.12.2.0a0
  - libstdcxx >=14
  license: Apache-2.0
  license_family: APACHE
  size: 181262
  timestamp: 1762509955687
- conda: https://conda.anaconda.org/conda-forge/linux-64/tk-8.6.13-noxft_ha0e22de_103.conda
  sha256: 1544760538a40bcd8ace2b1d8ebe3eb5807ac268641f8acdc18c69c5ebfeaf64
  md5: 86bc20552bf46075e3d92b67f089172d
  depends:
  - __glibc >=2.17,<3.0.a0
  - libgcc >=13
  - libzlib >=1.3.1,<2.0a0
  constrains:
  - xorg-libx11 >=1.8.12,<2.0a0
  license: TCL
  license_family: BSD
  purls: []
  size: 3284905
  timestamp: 1763054914403
- conda: https://conda.anaconda.org/conda-forge/noarch/tzdata-2025b-h78e105d_0.conda
  sha256: 5aaa366385d716557e365f0a4e9c3fca43ba196872abbbe3d56bb610d131e192
  md5: 4222072737ccff51314b5ece9c7d6f5a
  license: LicenseRef-Public-Domain
  purls: []
  size: 122968
  timestamp: 1742727099393
- conda: https://conda.anaconda.org/conda-forge/linux-64/xz-5.8.1-hbcc6ac9_2.conda
  sha256: 802725371682ea06053971db5b4fb7fbbcaee9cb1804ec688f55e51d74660617
  md5: 68eae977d7d1196d32b636a026dc015d
  depends:
  - __glibc >=2.17,<3.0.a0
  - libgcc >=13
  - liblzma 5.8.1 hb9d3cd8_2
  - liblzma-devel 5.8.1 hb9d3cd8_2
  - xz-gpl-tools 5.8.1 hbcc6ac9_2
  - xz-tools 5.8.1 hb9d3cd8_2
  license: 0BSD AND LGPL-2.1-or-later AND GPL-2.0-or-later
  purls: []
  size: 23987
  timestamp: 1749230104359
- conda: https://conda.anaconda.org/conda-forge/linux-64/xz-gpl-tools-5.8.1-hbcc6ac9_2.conda
  sha256: 840838dca829ec53f1160f3fca6dbfc43f2388b85f15d3e867e69109b168b87b
  md5: bf627c16aa26231720af037a2709ab09
  depends:
  - __glibc >=2.17,<3.0.a0
  - libgcc >=13
  - liblzma 5.8.1 hb9d3cd8_2
  constrains:
  - xz 5.8.1.*
  license: 0BSD AND LGPL-2.1-or-later AND GPL-2.0-or-later
  purls: []
  size: 33911
  timestamp: 1749230090353
- conda: https://conda.anaconda.org/conda-forge/linux-64/xz-tools-5.8.1-hb9d3cd8_2.conda
  sha256: 58034f3fca491075c14e61568ad8b25de00cb3ae479de3e69be6d7ee5d3ace28
  md5: 1bad2995c8f1c8075c6c331bf96e46fb
  depends:
  - __glibc >=2.17,<3.0.a0
  - libgcc >=13
  - liblzma 5.8.1 hb9d3cd8_2
  constrains:
  - xz 5.8.1.*
  license: 0BSD AND LGPL-2.1-or-later
  purls: []
  size: 96433
  timestamp: 1749230076687
- conda: https://conda.anaconda.org/conda-forge/linux-64/yaml-0.2.5-h280c20c_3.conda
  sha256: 6d9ea2f731e284e9316d95fa61869fe7bbba33df7929f82693c121022810f4ad
  md5: a77f85f77be52ff59391544bfe73390a
  depends:
  - libgcc >=14
  - __glibc >=2.17,<3.0.a0
  license: MIT
  license_family: MIT
  purls: []
  size: 85189
  timestamp: 1753484064210
- conda: https://conda.anaconda.org/conda-forge/linux-64/zstd-1.5.7-hb78ec9c_6.conda
  sha256: 68f0206ca6e98fea941e5717cec780ed2873ffabc0e1ed34428c061e2c6268c7
  md5: 4a13eeac0b5c8e5b8ab496e6c4ddd829
  depends:
  - __glibc >=2.17,<3.0.a0
  - libzlib >=1.3.1,<2.0a0
  license: BSD-3-Clause
  license_family: BSD
  purls: []
  size: 601375
  timestamp: 1764777111296
